
Microsoft Visual Studio Solution File, Format Version 12.00
# Visual Studio Version 17
VisualStudioVersion = 17.14.36414.22 d17.14
MinimumVisualStudioVersion = 10.0.40219.1
Project("{FAE04EC0-301F-11D3-BF4B-00C04F79EFBC}") = "rgbColorPaletteMauiApp", "rgbColorPaletteMauiApp\rgbColorPaletteMauiApp.csproj", "{039261E6-9B4C-480C-84A6-FF2007A8F22F}"
EndProject
Global
	GlobalSection(SolutionConfigurationPlatforms) = preSolution
		Debug|Any CPU = Debug|Any CPU
		Release|Any CPU = Release|Any CPU
	EndGlobalSection
	GlobalSection(ProjectConfigurationPlatforms) = postSolution
		{039261E6-9B4C-480C-84A6-FF2007A8F22F}.Debug|Any CPU.ActiveCfg = Debug|Any CPU
		{039261E6-9B4C-480C-84A6-FF2007A8F22F}.Debug|Any CPU.Build.0 = Debug|Any CPU
		{039261E6-9B4C-480C-84A6-FF2007A8F22F}.Release|Any CPU.ActiveCfg = Release|Any CPU
		{039261E6-9B4C-480C-84A6-FF2007A8F22F}.Release|Any CPU.Build.0 = Release|Any CPU
	EndGlobalSection
	GlobalSection(SolutionProperties) = preSolution
		HideSolutionNode = FALSE
	EndGlobalSection
	GlobalSection(ExtensibilityGlobals) = postSolution
		SolutionGuid = {0F81B0A2-4A38-403D-B6CE-74F517CFCDB2}
	EndGlobalSection
EndGlobal
