
Microsoft Visual Studio Solution File, Format Version 12.00
# Visual Studio Version 17
VisualStudioVersion = 17.14.36414.22 d17.14
MinimumVisualStudioVersion = 10.0.40219.1
Project("{FAE04EC0-301F-11D3-BF4B-00C04F79EFBC}") = "rgbColorPaletteBoxMauiApp", "rgbColorPaletteBoxMauiApp\rgbColorPaletteBoxMauiApp.csproj", "{5C61AA5F-EB85-4697-A41B-C3AAAFEDCED6}"
EndProject
Global
	GlobalSection(SolutionConfigurationPlatforms) = preSolution
		Debug|Any CPU = Debug|Any CPU
		Release|Any CPU = Release|Any CPU
	EndGlobalSection
	GlobalSection(ProjectConfigurationPlatforms) = postSolution
		{5C61AA5F-EB85-4697-A41B-C3AAAFEDCED6}.Debug|Any CPU.ActiveCfg = Debug|Any CPU
		{5C61AA5F-EB85-4697-A41B-C3AAAFEDCED6}.Debug|Any CPU.Build.0 = Debug|Any CPU
		{5C61AA5F-EB85-4697-A41B-C3AAAFEDCED6}.Release|Any CPU.ActiveCfg = Release|Any CPU
		{5C61AA5F-EB85-4697-A41B-C3AAAFEDCED6}.Release|Any CPU.Build.0 = Release|Any CPU
	EndGlobalSection
	GlobalSection(SolutionProperties) = preSolution
		HideSolutionNode = FALSE
	EndGlobalSection
	GlobalSection(ExtensibilityGlobals) = postSolution
		SolutionGuid = {25E86C85-66AB-475F-9F23-CB00A1DBB796}
	EndGlobalSection
EndGlobal
